
Microsoft Visual Studio Solution File, Format Version 12.00
# Visual Studio 15
VisualStudioVersion = 15.0.28307.902
MinimumVisualStudioVersion = 10.0.40219.1
Project("{FAE04EC0-301F-11D3-BF4B-00C04F79EFBC}") = "Turgut", "Turgut\Turgut.csproj", "{ABC4D048-ADA7-406C-AB70-C4215D29DDEA}"
EndProject
Global
	GlobalSection(SolutionConfigurationPlatforms) = preSolution
		Debug|Any CPU = Debug|Any CPU
		Release|Any CPU = Release|Any CPU
	EndGlobalSection
	GlobalSection(ProjectConfigurationPlatforms) = postSolution
		{ABC4D048-ADA7-406C-AB70-C4215D29DDEA}.Debug|Any CPU.ActiveCfg = Debug|Any CPU
		{ABC4D048-ADA7-406C-AB70-C4215D29DDEA}.Debug|Any CPU.Build.0 = Debug|Any CPU
		{ABC4D048-ADA7-406C-AB70-C4215D29DDEA}.Release|Any CPU.ActiveCfg = Release|Any CPU
		{ABC4D048-ADA7-406C-AB70-C4215D29DDEA}.Release|Any CPU.Build.0 = Release|Any CPU
	EndGlobalSection
	GlobalSection(SolutionProperties) = preSolution
		HideSolutionNode = FALSE
	EndGlobalSection
	GlobalSection(ExtensibilityGlobals) = postSolution
		SolutionGuid = {DBDA65A7-8423-4F4D-80A5-405DE4A31ECB}
	EndGlobalSection
EndGlobal
